
Microsoft Visual Studio Solution File, Format Version 12.00
# Visual Studio 15
Project("{FAE04EC0-301F-11D3-BF4B-00C04F79EFBC}") = "Assembly-CSharp", "Assembly-CSharp.csproj", "{30DC7D86-EC92-876C-B238-A9ED40CADD94}"
EndProject
Project("{FAE04EC0-301F-11D3-BF4B-00C04F79EFBC}") = "Assembly-CSharp-Editor", "Assembly-CSharp-Editor.csproj", "{2193A3CA-8043-7894-822A-165C2EB62465}"
EndProject
Global
	GlobalSection(SolutionConfigurationPlatforms) = preSolution
		Debug|Any CPU = Debug|Any CPU
		Release|Any CPU = Release|Any CPU
	EndGlobalSection
	GlobalSection(ProjectConfigurationPlatforms) = postSolution
		{30DC7D86-EC92-876C-B238-A9ED40CADD94}.Debug|Any CPU.ActiveCfg = Debug|Any CPU
		{30DC7D86-EC92-876C-B238-A9ED40CADD94}.Debug|Any CPU.Build.0 = Debug|Any CPU
		{30DC7D86-EC92-876C-B238-A9ED40CADD94}.Release|Any CPU.ActiveCfg = Release|Any CPU
		{30DC7D86-EC92-876C-B238-A9ED40CADD94}.Release|Any CPU.Build.0 = Release|Any CPU
		{2193A3CA-8043-7894-822A-165C2EB62465}.Debug|Any CPU.ActiveCfg = Debug|Any CPU
		{2193A3CA-8043-7894-822A-165C2EB62465}.Debug|Any CPU.Build.0 = Debug|Any CPU
		{2193A3CA-8043-7894-822A-165C2EB62465}.Release|Any CPU.ActiveCfg = Release|Any CPU
		{2193A3CA-8043-7894-822A-165C2EB62465}.Release|Any CPU.Build.0 = Release|Any CPU
	EndGlobalSection
	GlobalSection(SolutionProperties) = preSolution
		HideSolutionNode = FALSE
	EndGlobalSection
EndGlobal
