
Microsoft Visual Studio Solution File, Format Version 11.00
# Visual Studio 2010
Project("{FAE04EC0-301F-11D3-BF4B-00C04F79EFBC}") = "Assembly-CSharp", "Assembly-CSharp.csproj", "{53692751-208a-4029-cf7b-5e1ba42c9661}"
EndProject
Project("{FAE04EC0-301F-11D3-BF4B-00C04F79EFBC}") = "Assembly-CSharp-Editor", "Assembly-CSharp-Editor.csproj", "{3ea6d8a8-bf24-c103-c1fb-67a9153bc9ee}"
EndProject
Global
	GlobalSection(SolutionConfigurationPlatforms) = preSolution
		Debug|Any CPU = Debug|Any CPU
	EndGlobalSection
	GlobalSection(ProjectConfigurationPlatforms) = postSolution
		{53692751-208a-4029-cf7b-5e1ba42c9661}.Debug|Any CPU.ActiveCfg = Debug|Any CPU
		{53692751-208a-4029-cf7b-5e1ba42c9661}.Debug|Any CPU.Build.0 = Debug|Any CPU
		{3ea6d8a8-bf24-c103-c1fb-67a9153bc9ee}.Debug|Any CPU.ActiveCfg = Debug|Any CPU
		{3ea6d8a8-bf24-c103-c1fb-67a9153bc9ee}.Debug|Any CPU.Build.0 = Debug|Any CPU
	EndGlobalSection
	GlobalSection(SolutionProperties) = preSolution
		HideSolutionNode = FALSE
	EndGlobalSection
EndGlobal
